
Microsoft Visual Studio Solution File, Format Version 12.00
# Visual Studio Version 16
VisualStudioVersion = 16.0.31605.320
MinimumVisualStudioVersion = 10.0.40219.1
Project("{FAE04EC0-301F-11D3-BF4B-00C04F79EFBC}") = "RollDie", "RollDie\RollDie.csproj", "{0E801342-FBC2-4119-BD53-C4534958263C}"
EndProject
Global
	GlobalSection(SolutionConfigurationPlatforms) = preSolution
		Debug|Any CPU = Debug|Any CPU
		Release|Any CPU = Release|Any CPU
	EndGlobalSection
	GlobalSection(ProjectConfigurationPlatforms) = postSolution
		{0E801342-FBC2-4119-BD53-C4534958263C}.Debug|Any CPU.ActiveCfg = Debug|Any CPU
		{0E801342-FBC2-4119-BD53-C4534958263C}.Debug|Any CPU.Build.0 = Debug|Any CPU
		{0E801342-FBC2-4119-BD53-C4534958263C}.Release|Any CPU.ActiveCfg = Release|Any CPU
		{0E801342-FBC2-4119-BD53-C4534958263C}.Release|Any CPU.Build.0 = Release|Any CPU
	EndGlobalSection
	GlobalSection(SolutionProperties) = preSolution
		HideSolutionNode = FALSE
	EndGlobalSection
	GlobalSection(ExtensibilityGlobals) = postSolution
		SolutionGuid = {59EF6FAC-36C0-4C4D-B43A-3E54B32A261A}
	EndGlobalSection
EndGlobal
